{
  "originHash" : "5ac88404be9b4580bdd976e45cdca75202c5214af4c72861ea466c76730b91c4",
  "pins" : [
    {
      "identity" : "jwtdecode.swift",
      "kind" : "remoteSourceControl",
      "location" : "https://github.com/auth0/JWTDecode.swift",
      "state" : {
        "revision" : "1e153ef009969543191970c66b7c60163c0b4a65",
        "version" : "3.2.0"
      }
    },
    {
      "identity" : "stripe-ios-spm",
      "kind" : "remoteSourceControl",
      "location" : "https://github.com/stripe/stripe-ios-spm",
      "state" : {
        "revision" : "72cab3e7ff3ef625fbbb869b575764140fdd727c",
        "version" : "24.9.0"
      }
    }
  ],
  "version" : 3
}
